<?xml version="1.0" encoding="utf-8"?>
<Project ToolsVersion="4.0" xmlns="http://schemas.microsoft.com/developer/msbuild/2003">
  <ItemGroup>
    <Filter Include="Other">
      <UniqueIdentifier>{39f77a6d-2d60-43a9-9ed6-c85dd225499f}</UniqueIdentifier>
    </Filter>
    <Filter Include="Other\Resource Files">
      <UniqueIdentifier>{67DA6AB6-F800-4c08-8B7A-83BB121AAD01}</UniqueIdentifier>
      <Extensions>rc;ico;cur;bmp;dlg;rc2;rct;bin;rgs;gif;jpg;jpeg;jpe;resx;tiff;tif;png;wav;mfcribbon-ms</Extensions>
    </Filter>
    <Filter Include="Other\Source Files">
      <UniqueIdentifier>{4FC737F1-C7A5-4376-A066-2A32D752A2FF}</UniqueIdentifier>
      <Extensions>cpp;c;cc;cxx;def;odl;idl;hpj;bat;asm;asmx</Extensions>
    </Filter>
    <Filter Include="Other\Header Files">
      <UniqueIdentifier>{93995380-89BD-4b04-88EB-625FBE52EBFB}</UniqueIdentifier>
      <Extensions>h;hh;hpp;hxx;hm;inl;inc;ipp;xsd</Extensions>
    </Filter>
    <Filter Include="Plugins">
      <UniqueIdentifier>{6e2df4a2-cbd4-450d-9443-faa024ac03ce}</UniqueIdentifier>
    </Filter>
    <Filter Include="Plugins\VST2">
      <UniqueIdentifier>{066d6da1-cc36-45ad-82da-3e3d717aa142}</UniqueIdentifier>
    </Filter>
  </ItemGroup>
  <ItemGroup>
    <ClInclude Include="stdafx.h">
      <Filter>Other\Header Files</Filter>
    </ClInclude>
    <ClInclude Include="OSRVST.h">
      <Filter>Plugins\VST2</Filter>
    </ClInclude>
  </ItemGroup>
  <ItemGroup>
    <ClCompile Include="stdafx.cpp">
      <Filter>Other\Source Files</Filter>
    </ClCompile>
    <ClCompile Include="osrPlugins.cpp">
      <Filter>Other\Source Files</Filter>
    </ClCompile>
    <ClCompile Include="dllmain.cpp">
      <Filter>Other\Source Files</Filter>
    </ClCompile>
    <ClCompile Include="VSTWindows.cpp">
      <Filter>Plugins\VST2</Filter>
    </ClCompile>
    <ClCompile Include="VSTFindPlugin.cpp">
      <Filter>Plugins\VST2</Filter>
    </ClCompile>
  </ItemGroup>
</Project>