
Microsoft Visual Studio Solution File, Format Version 12.00
# Visual Studio 15
VisualStudioVersion = 15.0.28010.0
MinimumVisualStudioVersion = 10.0.40219.1
Project("{8BC9CEB8-8B4A-11D0-8D11-00A0C91BC942}") = "OpenSoundRefenation", "OpenSoundRefenation.vcxproj", "{3BCAFC30-1810-3BA9-9FDB-0C781F1F4E7F}"
	ProjectSection(ProjectDependencies) = postProject
		{C3474FD8-E782-4942-9C57-D94EB9552B50} = {C3474FD8-E782-4942-9C57-D94EB9552B50}
		{ECE873F6-28C2-4865-B409-0BA07CCC6D64} = {ECE873F6-28C2-4865-B409-0BA07CCC6D64}
	EndProjectSection
EndProject
Project("{8BC9CEB8-8B4A-11D0-8D11-00A0C91BC942}") = "osrMixer", "osrMixer\osrMixer.vcxproj", "{AE802C47-E948-4269-ADE3-C4F1E76EC5A0}"
	ProjectSection(ProjectDependencies) = postProject
		{6E43CD6F-6AD0-4544-A368-05359BFE7813} = {6E43CD6F-6AD0-4544-A368-05359BFE7813}
		{ECE873F6-28C2-4865-B409-0BA07CCC6D64} = {ECE873F6-28C2-4865-B409-0BA07CCC6D64}
	EndProjectSection
EndProject
Project("{8BC9CEB8-8B4A-11D0-8D11-00A0C91BC942}") = "osrDecoder", "osrDecoder\osrDecoder.vcxproj", "{6E43CD6F-6AD0-4544-A368-05359BFE7813}"
	ProjectSection(ProjectDependencies) = postProject
		{ECE873F6-28C2-4865-B409-0BA07CCC6D64} = {ECE873F6-28C2-4865-B409-0BA07CCC6D64}
	EndProjectSection
EndProject
Project("{8BC9CEB8-8B4A-11D0-8D11-00A0C91BC942}") = "osrKernel", "osrKernel\osrKernel.vcxproj", "{ECE873F6-28C2-4865-B409-0BA07CCC6D64}"
EndProject
Project("{2150E333-8FDC-42A3-9474-1A3956D46DE8}") = "DAW", "DAW", "{79F11882-CB9B-4C0D-8BF4-E095B27867E8}"
EndProject
Project("{2150E333-8FDC-42A3-9474-1A3956D46DE8}") = "Other modules", "Other modules", "{1F5C5CFD-8B25-4CBD-AB97-90A17F3CC016}"
EndProject
Project("{8BC9CEB8-8B4A-11D0-8D11-00A0C91BC942}") = "osrNetwork", "osrNetworkRecord\osrNetworkRecord.vcxproj", "{1D469515-500E-4CE7-A340-D110E798931A}"
EndProject
Project("{8BC9CEB8-8B4A-11D0-8D11-00A0C91BC942}") = "osrPlugins", "osrPlugins\osrPlugins.vcxproj", "{B12CA528-3B68-405E-897B-8CEA6E45A793}"
	ProjectSection(ProjectDependencies) = postProject
		{ECE873F6-28C2-4865-B409-0BA07CCC6D64} = {ECE873F6-28C2-4865-B409-0BA07CCC6D64}
	EndProjectSection
EndProject
Project("{8BC9CEB8-8B4A-11D0-8D11-00A0C91BC942}") = "osrMain", "osrMain\osrMain.vcxproj", "{C3474FD8-E782-4942-9C57-D94EB9552B50}"
	ProjectSection(ProjectDependencies) = postProject
		{B12CA528-3B68-405E-897B-8CEA6E45A793} = {B12CA528-3B68-405E-897B-8CEA6E45A793}
		{AE802C47-E948-4269-ADE3-C4F1E76EC5A0} = {AE802C47-E948-4269-ADE3-C4F1E76EC5A0}
		{6E43CD6F-6AD0-4544-A368-05359BFE7813} = {6E43CD6F-6AD0-4544-A368-05359BFE7813}
		{ECE873F6-28C2-4865-B409-0BA07CCC6D64} = {ECE873F6-28C2-4865-B409-0BA07CCC6D64}
	EndProjectSection
EndProject
Project("{8BC9CEB8-8B4A-11D0-8D11-00A0C91BC942}") = "osrSettings", "osrSettings\osrSettings.vcxproj", "{EAA7054A-4D09-49A8-84F3-B00E1FD21E34}"
EndProject
Project("{2150E333-8FDC-42A3-9474-1A3956D46DE8}") = "3rd-party", "3rd-party", "{83CA2EA0-EEE6-4267-90A9-01D0DBCAFAAA}"
EndProject
Project("{8BC9CEB8-8B4A-11D0-8D11-00A0C91BC942}") = "libsoxr", "include\soxr\msvc\libsoxr.vcxproj", "{AF9AD75C-4785-4432-BAC3-ADAB1E7F1192}"
EndProject
Global
	GlobalSection(SolutionConfigurationPlatforms) = preSolution
		Debug|x64 = Debug|x64
		Debug|x86 = Debug|x86
		Release|x64 = Release|x64
		Release|x86 = Release|x86
	EndGlobalSection
	GlobalSection(ProjectConfigurationPlatforms) = postSolution
		{3BCAFC30-1810-3BA9-9FDB-0C781F1F4E7F}.Debug|x64.ActiveCfg = Debug|x64
		{3BCAFC30-1810-3BA9-9FDB-0C781F1F4E7F}.Debug|x64.Build.0 = Debug|x64
		{3BCAFC30-1810-3BA9-9FDB-0C781F1F4E7F}.Debug|x86.ActiveCfg = Debug|x64
		{3BCAFC30-1810-3BA9-9FDB-0C781F1F4E7F}.Release|x64.ActiveCfg = Release|x64
		{3BCAFC30-1810-3BA9-9FDB-0C781F1F4E7F}.Release|x64.Build.0 = Release|x64
		{3BCAFC30-1810-3BA9-9FDB-0C781F1F4E7F}.Release|x86.ActiveCfg = Release|x64
		{AE802C47-E948-4269-ADE3-C4F1E76EC5A0}.Debug|x64.ActiveCfg = Debug|x64
		{AE802C47-E948-4269-ADE3-C4F1E76EC5A0}.Debug|x64.Build.0 = Debug|x64
		{AE802C47-E948-4269-ADE3-C4F1E76EC5A0}.Debug|x86.ActiveCfg = Debug|x64
		{AE802C47-E948-4269-ADE3-C4F1E76EC5A0}.Release|x64.ActiveCfg = Release|x64
		{AE802C47-E948-4269-ADE3-C4F1E76EC5A0}.Release|x64.Build.0 = Release|x64
		{AE802C47-E948-4269-ADE3-C4F1E76EC5A0}.Release|x86.ActiveCfg = Release|x64
		{6E43CD6F-6AD0-4544-A368-05359BFE7813}.Debug|x64.ActiveCfg = Debug|x64
		{6E43CD6F-6AD0-4544-A368-05359BFE7813}.Debug|x64.Build.0 = Debug|x64
		{6E43CD6F-6AD0-4544-A368-05359BFE7813}.Debug|x86.ActiveCfg = Debug|x64
		{6E43CD6F-6AD0-4544-A368-05359BFE7813}.Release|x64.ActiveCfg = Release|x64
		{6E43CD6F-6AD0-4544-A368-05359BFE7813}.Release|x64.Build.0 = Release|x64
		{6E43CD6F-6AD0-4544-A368-05359BFE7813}.Release|x86.ActiveCfg = Release|x64
		{ECE873F6-28C2-4865-B409-0BA07CCC6D64}.Debug|x64.ActiveCfg = Debug|x64
		{ECE873F6-28C2-4865-B409-0BA07CCC6D64}.Debug|x64.Build.0 = Debug|x64
		{ECE873F6-28C2-4865-B409-0BA07CCC6D64}.Debug|x86.ActiveCfg = Debug|x64
		{ECE873F6-28C2-4865-B409-0BA07CCC6D64}.Release|x64.ActiveCfg = Release|x64
		{ECE873F6-28C2-4865-B409-0BA07CCC6D64}.Release|x64.Build.0 = Release|x64
		{ECE873F6-28C2-4865-B409-0BA07CCC6D64}.Release|x86.ActiveCfg = Release|x64
		{1D469515-500E-4CE7-A340-D110E798931A}.Debug|x64.ActiveCfg = Debug|x64
		{1D469515-500E-4CE7-A340-D110E798931A}.Debug|x64.Build.0 = Debug|x64
		{1D469515-500E-4CE7-A340-D110E798931A}.Debug|x86.ActiveCfg = Debug|x64
		{1D469515-500E-4CE7-A340-D110E798931A}.Release|x64.ActiveCfg = Release|x64
		{1D469515-500E-4CE7-A340-D110E798931A}.Release|x64.Build.0 = Release|x64
		{1D469515-500E-4CE7-A340-D110E798931A}.Release|x86.ActiveCfg = Release|x64
		{B12CA528-3B68-405E-897B-8CEA6E45A793}.Debug|x64.ActiveCfg = Debug|x64
		{B12CA528-3B68-405E-897B-8CEA6E45A793}.Debug|x64.Build.0 = Debug|x64
		{B12CA528-3B68-405E-897B-8CEA6E45A793}.Debug|x86.ActiveCfg = Debug|x64
		{B12CA528-3B68-405E-897B-8CEA6E45A793}.Release|x64.ActiveCfg = Release|x64
		{B12CA528-3B68-405E-897B-8CEA6E45A793}.Release|x64.Build.0 = Release|x64
		{B12CA528-3B68-405E-897B-8CEA6E45A793}.Release|x86.ActiveCfg = Release|x64
		{C3474FD8-E782-4942-9C57-D94EB9552B50}.Debug|x64.ActiveCfg = Debug|x64
		{C3474FD8-E782-4942-9C57-D94EB9552B50}.Debug|x64.Build.0 = Debug|x64
		{C3474FD8-E782-4942-9C57-D94EB9552B50}.Debug|x86.ActiveCfg = Debug|x64
		{C3474FD8-E782-4942-9C57-D94EB9552B50}.Release|x64.ActiveCfg = Release|x64
		{C3474FD8-E782-4942-9C57-D94EB9552B50}.Release|x64.Build.0 = Release|x64
		{C3474FD8-E782-4942-9C57-D94EB9552B50}.Release|x86.ActiveCfg = Release|x64
		{EAA7054A-4D09-49A8-84F3-B00E1FD21E34}.Debug|x64.ActiveCfg = Debug|x64
		{EAA7054A-4D09-49A8-84F3-B00E1FD21E34}.Debug|x64.Build.0 = Debug|x64
		{EAA7054A-4D09-49A8-84F3-B00E1FD21E34}.Debug|x86.ActiveCfg = Debug|x64
		{EAA7054A-4D09-49A8-84F3-B00E1FD21E34}.Release|x64.ActiveCfg = Release|x64
		{EAA7054A-4D09-49A8-84F3-B00E1FD21E34}.Release|x64.Build.0 = Release|x64
		{EAA7054A-4D09-49A8-84F3-B00E1FD21E34}.Release|x86.ActiveCfg = Release|x64
		{AF9AD75C-4785-4432-BAC3-ADAB1E7F1192}.Debug|x64.ActiveCfg = Debug|x64
		{AF9AD75C-4785-4432-BAC3-ADAB1E7F1192}.Debug|x64.Build.0 = Release|x64
		{AF9AD75C-4785-4432-BAC3-ADAB1E7F1192}.Debug|x86.ActiveCfg = Debug|x64
		{AF9AD75C-4785-4432-BAC3-ADAB1E7F1192}.Release|x64.ActiveCfg = Release|x64
		{AF9AD75C-4785-4432-BAC3-ADAB1E7F1192}.Release|x64.Build.0 = Release|x64
		{AF9AD75C-4785-4432-BAC3-ADAB1E7F1192}.Release|x86.ActiveCfg = Release|x64
	EndGlobalSection
	GlobalSection(SolutionProperties) = preSolution
		HideSolutionNode = FALSE
	EndGlobalSection
	GlobalSection(NestedProjects) = preSolution
		{3BCAFC30-1810-3BA9-9FDB-0C781F1F4E7F} = {79F11882-CB9B-4C0D-8BF4-E095B27867E8}
		{AE802C47-E948-4269-ADE3-C4F1E76EC5A0} = {79F11882-CB9B-4C0D-8BF4-E095B27867E8}
		{6E43CD6F-6AD0-4544-A368-05359BFE7813} = {79F11882-CB9B-4C0D-8BF4-E095B27867E8}
		{ECE873F6-28C2-4865-B409-0BA07CCC6D64} = {79F11882-CB9B-4C0D-8BF4-E095B27867E8}
		{1D469515-500E-4CE7-A340-D110E798931A} = {1F5C5CFD-8B25-4CBD-AB97-90A17F3CC016}
		{B12CA528-3B68-405E-897B-8CEA6E45A793} = {79F11882-CB9B-4C0D-8BF4-E095B27867E8}
		{C3474FD8-E782-4942-9C57-D94EB9552B50} = {79F11882-CB9B-4C0D-8BF4-E095B27867E8}
		{EAA7054A-4D09-49A8-84F3-B00E1FD21E34} = {1F5C5CFD-8B25-4CBD-AB97-90A17F3CC016}
		{83CA2EA0-EEE6-4267-90A9-01D0DBCAFAAA} = {1F5C5CFD-8B25-4CBD-AB97-90A17F3CC016}
		{AF9AD75C-4785-4432-BAC3-ADAB1E7F1192} = {83CA2EA0-EEE6-4267-90A9-01D0DBCAFAAA}
	EndGlobalSection
	GlobalSection(ExtensibilityGlobals) = postSolution
		SolutionGuid = {06B8714A-EC61-4E5C-926A-C5A955DED76A}
	EndGlobalSection
EndGlobal
