<?xml version="1.0" encoding="utf-8"?>
<Project ToolsVersion="4.0" xmlns="http://schemas.microsoft.com/developer/msbuild/2003">
  <ItemGroup>
    <Filter Include="Source Files">
      <UniqueIdentifier>{b16d6a1e-568c-4933-8f60-77c20b19136c}</UniqueIdentifier>
    </Filter>
  </ItemGroup>
  <ItemGroup>
    <ClCompile Include="..\src\data-io.c">
      <Filter>Source Files</Filter>
    </ClCompile>
    <ClCompile Include="..\src\dbesi0.c">
      <Filter>Source Files</Filter>
    </ClCompile>
    <ClCompile Include="..\src\fft4g32.c">
      <Filter>Source Files</Filter>
    </ClCompile>
    <ClCompile Include="..\src\fft4g64.c">
      <Filter>Source Files</Filter>
    </ClCompile>
    <ClCompile Include="..\src\filter.c">
      <Filter>Source Files</Filter>
    </ClCompile>
    <ClCompile Include="..\src\lsr.c">
      <Filter>Source Files</Filter>
    </ClCompile>
    <ClCompile Include="..\src\pffft32s.c">
      <Filter>Source Files</Filter>
    </ClCompile>
    <ClCompile Include="..\src\rate32.c">
      <Filter>Source Files</Filter>
    </ClCompile>
    <ClCompile Include="..\src\rate32s.c">
      <Filter>Source Files</Filter>
    </ClCompile>
    <ClCompile Include="..\src\rate64.c">
      <Filter>Source Files</Filter>
    </ClCompile>
    <ClCompile Include="..\src\simd.c">
      <Filter>Source Files</Filter>
    </ClCompile>
    <ClCompile Include="..\src\soxr.c">
      <Filter>Source Files</Filter>
    </ClCompile>
    <ClCompile Include="..\src\vr32.c">
      <Filter>Source Files</Filter>
    </ClCompile>
  </ItemGroup>
</Project>